
Microsoft Visual Studio Solution File, Format Version 12.00
# Visual Studio Version 17
VisualStudioVersion = 17.2.32616.157
MinimumVisualStudioVersion = 10.0.40219.1
Project("{FAE04EC0-301F-11D3-BF4B-00C04F79EFBC}") = "Demo", "Demo\Demo.csproj", "{3159A6A0-23C8-42C6-B39F-9D9A4A5A2E5B}"
EndProject
Project("{FAE04EC0-301F-11D3-BF4B-00C04F79EFBC}") = "Demo.Core", "Demo.Core\Demo.Core.csproj", "{937B55F3-719E-4FD8-B2B0-9C4AC4A42B7F}"
EndProject
Project("{FAE04EC0-301F-11D3-BF4B-00C04F79EFBC}") = "Demo.Infrastructure", "Demo.Infrastructure\Demo.Infrastructure.csproj", "{087C5A42-7D86-4D5C-AEE5-6833069A0182}"
EndProject
Project("{FAE04EC0-301F-11D3-BF4B-00C04F79EFBC}") = "AeroCodeGenProtocols", "AeroCodeGenProtocols\AeroCodeGenProtocols.csproj", "{6676BDEE-FCAA-42D4-B14A-7E0B0D1E522F}"
EndProject
Project("{2150E333-8FDC-42A3-9474-1A3956D46DE8}") = "Solution Items", "Solution Items", "{F0C67661-3F36-4F07-8E2C-1E53B0109685}"
	ProjectSection(SolutionItems) = preProject
		docker-compose.yml = docker-compose.yml
	EndProjectSection
EndProject
Global
	GlobalSection(SolutionConfigurationPlatforms) = preSolution
		Debug|Any CPU = Debug|Any CPU
		Release|Any CPU = Release|Any CPU
	EndGlobalSection
	GlobalSection(ProjectConfigurationPlatforms) = postSolution
		{3159A6A0-23C8-42C6-B39F-9D9A4A5A2E5B}.Debug|Any CPU.ActiveCfg = Debug|Any CPU
		{3159A6A0-23C8-42C6-B39F-9D9A4A5A2E5B}.Debug|Any CPU.Build.0 = Debug|Any CPU
		{3159A6A0-23C8-42C6-B39F-9D9A4A5A2E5B}.Release|Any CPU.ActiveCfg = Release|Any CPU
		{3159A6A0-23C8-42C6-B39F-9D9A4A5A2E5B}.Release|Any CPU.Build.0 = Release|Any CPU
		{937B55F3-719E-4FD8-B2B0-9C4AC4A42B7F}.Debug|Any CPU.ActiveCfg = Debug|Any CPU
		{937B55F3-719E-4FD8-B2B0-9C4AC4A42B7F}.Debug|Any CPU.Build.0 = Debug|Any CPU
		{937B55F3-719E-4FD8-B2B0-9C4AC4A42B7F}.Release|Any CPU.ActiveCfg = Release|Any CPU
		{937B55F3-719E-4FD8-B2B0-9C4AC4A42B7F}.Release|Any CPU.Build.0 = Release|Any CPU
		{087C5A42-7D86-4D5C-AEE5-6833069A0182}.Debug|Any CPU.ActiveCfg = Debug|Any CPU
		{087C5A42-7D86-4D5C-AEE5-6833069A0182}.Debug|Any CPU.Build.0 = Debug|Any CPU
		{087C5A42-7D86-4D5C-AEE5-6833069A0182}.Release|Any CPU.ActiveCfg = Release|Any CPU
		{087C5A42-7D86-4D5C-AEE5-6833069A0182}.Release|Any CPU.Build.0 = Release|Any CPU
		{6676BDEE-FCAA-42D4-B14A-7E0B0D1E522F}.Debug|Any CPU.ActiveCfg = Debug|Any CPU
		{6676BDEE-FCAA-42D4-B14A-7E0B0D1E522F}.Debug|Any CPU.Build.0 = Debug|Any CPU
		{6676BDEE-FCAA-42D4-B14A-7E0B0D1E522F}.Release|Any CPU.ActiveCfg = Release|Any CPU
		{6676BDEE-FCAA-42D4-B14A-7E0B0D1E522F}.Release|Any CPU.Build.0 = Release|Any CPU
	EndGlobalSection
	GlobalSection(SolutionProperties) = preSolution
		HideSolutionNode = FALSE
	EndGlobalSection
	GlobalSection(ExtensibilityGlobals) = postSolution
		SolutionGuid = {537F6AB8-5C7B-4D86-AEBA-EB173AEDC1AC}
	EndGlobalSection
EndGlobal
